
Microsoft Visual Studio Solution File, Format Version 12.00
# Visual Studio Version 16
VisualStudioVersion = 16.0.31112.23
MinimumVisualStudioVersion = 10.0.40219.1
Project("{FAE04EC0-301F-11D3-BF4B-00C04F79EFBC}") = "TelRecBackUp", "TelRecBackUp\TelRecBackUp.csproj", "{BE0B1852-6513-4C7D-AC98-9F52D02934D1}"
EndProject
Global
	GlobalSection(SolutionConfigurationPlatforms) = preSolution
		Debug|Any CPU = Debug|Any CPU
		Release|Any CPU = Release|Any CPU
	EndGlobalSection
	GlobalSection(ProjectConfigurationPlatforms) = postSolution
		{BE0B1852-6513-4C7D-AC98-9F52D02934D1}.Debug|Any CPU.ActiveCfg = Debug|Any CPU
		{BE0B1852-6513-4C7D-AC98-9F52D02934D1}.Debug|Any CPU.Build.0 = Debug|Any CPU
		{BE0B1852-6513-4C7D-AC98-9F52D02934D1}.Release|Any CPU.ActiveCfg = Release|Any CPU
		{BE0B1852-6513-4C7D-AC98-9F52D02934D1}.Release|Any CPU.Build.0 = Release|Any CPU
	EndGlobalSection
	GlobalSection(SolutionProperties) = preSolution
		HideSolutionNode = FALSE
	EndGlobalSection
	GlobalSection(ExtensibilityGlobals) = postSolution
		SolutionGuid = {E29ACDD1-A524-4C93-965F-6612DBD0CC5C}
	EndGlobalSection
EndGlobal
